// !$*UTF8*$!
{
	archiveVersion = 1;
	classes = {
	};
	objectVersion = 55;
	objects = {

/* Begin PBXBuildFile section */
		8F7DDF1828949CD700CC194A /* ModelData.swift in Sources */ = {isa = PBXBuildFile; fileRef = 8F7DDF1728949CD700CC194A /* ModelData.swift */; };
		8F7FACD5288EFD7D0037FB56 /* CodeDeckApp.swift in Sources */ = {isa = PBXBuildFile; fileRef = 8F7FACD4288EFD7D0037FB56 /* CodeDeckApp.swift */; };
		8F7FACD7288EFD7D0037FB56 /* ContentView.swift in Sources */ = {isa = PBXBuildFile; fileRef = 8F7FACD6288EFD7D0037FB56 /* ContentView.swift */; };
		8F7FACD9288EFD7E0037FB56 /* Assets.xcassets in Resources */ = {isa = PBXBuildFile; fileRef = 8F7FACD8288EFD7E0037FB56 /* Assets.xcassets */; };
		8F7FACDC288EFD7E0037FB56 /* Preview Assets.xcassets in Resources */ = {isa = PBXBuildFile; fileRef = 8F7FACDB288EFD7E0037FB56 /* Preview Assets.xcassets */; };
		8F7FACE4288F040D0037FB56 /* courseData.json in Resources */ = {isa = PBXBuildFile; fileRef = 8F7FACE3288F040D0037FB56 /* courseData.json */; };
		8F7FACE9288F1E640037FB56 /* Course.swift in Sources */ = {isa = PBXBuildFile; fileRef = 8F7FACE8288F1E640037FB56 /* Course.swift */; };
		8F7FACEB288F1EF70037FB56 /* UserData.swift in Sources */ = {isa = PBXBuildFile; fileRef = 8F7FACEA288F1EF70037FB56 /* UserData.swift */; };
		8F7FACF0288F1FAD0037FB56 /* CourseRow.swift in Sources */ = {isa = PBXBuildFile; fileRef = 8F7FACEF288F1FAD0037FB56 /* CourseRow.swift */; };
		8F7FACF2288F1FE00037FB56 /* CourseDetail.swift in Sources */ = {isa = PBXBuildFile; fileRef = 8F7FACF1288F1FE00037FB56 /* CourseDetail.swift */; };
		8F7FACF4288F1FF80037FB56 /* CourseList.swift in Sources */ = {isa = PBXBuildFile; fileRef = 8F7FACF3288F1FF80037FB56 /* CourseList.swift */; };
		8F7FACF6288F20850037FB56 /* CategoryItem.swift in Sources */ = {isa = PBXBuildFile; fileRef = 8F7FACF5288F20850037FB56 /* CategoryItem.swift */; };
		8F7FACF8288F20A50037FB56 /* CategoryRow.swift in Sources */ = {isa = PBXBuildFile; fileRef = 8F7FACF7288F20A50037FB56 /* CategoryRow.swift */; };
		8F7FACFB288F22910037FB56 /* CategoryHome.swift in Sources */ = {isa = PBXBuildFile; fileRef = 8F7FACFA288F22910037FB56 /* CategoryHome.swift */; };
		8F7FACFE288F23ED0037FB56 /* FavouriteButton.swift in Sources */ = {isa = PBXBuildFile; fileRef = 8F7FACFD288F23ED0037FB56 /* FavouriteButton.swift */; };
		8F7FAD00288F24210037FB56 /* PageViewController.swift in Sources */ = {isa = PBXBuildFile; fileRef = 8F7FACFF288F24210037FB56 /* PageViewController.swift */; };
		8F7FAD02288F24A20037FB56 /* FeatureCard.swift in Sources */ = {isa = PBXBuildFile; fileRef = 8F7FAD01288F24A20037FB56 /* FeatureCard.swift */; };
		8F7FAD04288F24CD0037FB56 /* PageView.swift in Sources */ = {isa = PBXBuildFile; fileRef = 8F7FAD03288F24CD0037FB56 /* PageView.swift */; };
		8F7FAD06288F24E50037FB56 /* PageControl.swift in Sources */ = {isa = PBXBuildFile; fileRef = 8F7FAD05288F24E50037FB56 /* PageControl.swift */; };
		8FA4D182289085CF006FE815 /* SplashScreenView.swift in Sources */ = {isa = PBXBuildFile; fileRef = 8FA4D181289085CF006FE815 /* SplashScreenView.swift */; };
		8FCC5BC92897413700E51F24 /* FirebaseAuth in Frameworks */ = {isa = PBXBuildFile; productRef = 8FCC5BC82897413700E51F24 /* FirebaseAuth */; };
		8FCC5BCB2897413700E51F24 /* FirebaseStorage in Frameworks */ = {isa = PBXBuildFile; productRef = 8FCC5BCA2897413700E51F24 /* FirebaseStorage */; };
		8FCC5BCD2897422C00E51F24 /* LoginView.swift in Sources */ = {isa = PBXBuildFile; fileRef = 8FCC5BCC2897422C00E51F24 /* LoginView.swift */; };
		8FCC5BD12897626200E51F24 /* GoogleService-Info.plist in Resources */ = {isa = PBXBuildFile; fileRef = 8FCC5BD02897626100E51F24 /* GoogleService-Info.plist */; };
		8FFFD9B52891E33000FC122A /* SuggestView.swift in Sources */ = {isa = PBXBuildFile; fileRef = 8FFFD9B42891E33000FC122A /* SuggestView.swift */; };
		8FFFD9B72891E38E00FC122A /* Rating.swift in Sources */ = {isa = PBXBuildFile; fileRef = 8FFFD9B62891E38E00FC122A /* Rating.swift */; };
/* End PBXBuildFile section */

/* Begin PBXFileReference section */
		8F7DDF1728949CD700CC194A /* ModelData.swift */ = {isa = PBXFileReference; lastKnownFileType = sourcecode.swift; path = ModelData.swift; sourceTree = "<group>"; };
		8F7FACD1288EFD7D0037FB56 /* CodeDeck.app */ = {isa = PBXFileReference; explicitFileType = wrapper.application; includeInIndex = 0; path = CodeDeck.app; sourceTree = BUILT_PRODUCTS_DIR; };
		8F7FACD4288EFD7D0037FB56 /* CodeDeckApp.swift */ = {isa = PBXFileReference; lastKnownFileType = sourcecode.swift; path = CodeDeckApp.swift; sourceTree = "<group>"; };
		8F7FACD6288EFD7D0037FB56 /* ContentView.swift */ = {isa = PBXFileReference; lastKnownFileType = sourcecode.swift; path = ContentView.swift; sourceTree = "<group>"; };
		8F7FACD8288EFD7E0037FB56 /* Assets.xcassets */ = {isa = PBXFileReference; lastKnownFileType = folder.assetcatalog; path = Assets.xcassets; sourceTree = "<group>"; };
		8F7FACDB288EFD7E0037FB56 /* Preview Assets.xcassets */ = {isa = PBXFileReference; lastKnownFileType = folder.assetcatalog; path = "Preview Assets.xcassets"; sourceTree = "<group>"; };
		8F7FACE3288F040D0037FB56 /* courseData.json */ = {isa = PBXFileReference; lastKnownFileType = text.json; path = courseData.json; sourceTree = "<group>"; };
		8F7FACE8288F1E640037FB56 /* Course.swift */ = {isa = PBXFileReference; lastKnownFileType = sourcecode.swift; path = Course.swift; sourceTree = "<group>"; };
		8F7FACEA288F1EF70037FB56 /* UserData.swift */ = {isa = PBXFileReference; lastKnownFileType = sourcecode.swift; path = UserData.swift; sourceTree = "<group>"; };
		8F7FACEF288F1FAD0037FB56 /* CourseRow.swift */ = {isa = PBXFileReference; lastKnownFileType = sourcecode.swift; path = CourseRow.swift; sourceTree = "<group>"; };
		8F7FACF1288F1FE00037FB56 /* CourseDetail.swift */ = {isa = PBXFileReference; lastKnownFileType = sourcecode.swift; path = CourseDetail.swift; sourceTree = "<group>"; };
		8F7FACF3288F1FF80037FB56 /* CourseList.swift */ = {isa = PBXFileReference; lastKnownFileType = sourcecode.swift; path = CourseList.swift; sourceTree = "<group>"; };
		8F7FACF5288F20850037FB56 /* CategoryItem.swift */ = {isa = PBXFileReference; lastKnownFileType = sourcecode.swift; path = CategoryItem.swift; sourceTree = "<group>"; };
		8F7FACF7288F20A50037FB56 /* CategoryRow.swift */ = {isa = PBXFileReference; lastKnownFileType = sourcecode.swift; path = CategoryRow.swift; sourceTree = "<group>"; };
		8F7FACFA288F22910037FB56 /* CategoryHome.swift */ = {isa = PBXFileReference; lastKnownFileType = sourcecode.swift; path = CategoryHome.swift; sourceTree = "<group>"; };
		8F7FACFD288F23ED0037FB56 /* FavouriteButton.swift */ = {isa = PBXFileReference; lastKnownFileType = sourcecode.swift; path = FavouriteButton.swift; sourceTree = "<group>"; };
		8F7FACFF288F24210037FB56 /* PageViewController.swift */ = {isa = PBXFileReference; lastKnownFileType = sourcecode.swift; path = PageViewController.swift; sourceTree = "<group>"; };
		8F7FAD01288F24A20037FB56 /* FeatureCard.swift */ = {isa = PBXFileReference; lastKnownFileType = sourcecode.swift; path = FeatureCard.swift; sourceTree = "<group>"; };
		8F7FAD03288F24CD0037FB56 /* PageView.swift */ = {isa = PBXFileReference; lastKnownFileType = sourcecode.swift; path = PageView.swift; sourceTree = "<group>"; };
		8F7FAD05288F24E50037FB56 /* PageControl.swift */ = {isa = PBXFileReference; lastKnownFileType = sourcecode.swift; path = PageControl.swift; sourceTree = "<group>"; };
		8FA4D181289085CF006FE815 /* SplashScreenView.swift */ = {isa = PBXFileReference; lastKnownFileType = sourcecode.swift; path = SplashScreenView.swift; sourceTree = "<group>"; };
		8FCC5BCC2897422C00E51F24 /* LoginView.swift */ = {isa = PBXFileReference; lastKnownFileType = sourcecode.swift; path = LoginView.swift; sourceTree = "<group>"; };
		8FCC5BD02897626100E51F24 /* GoogleService-Info.plist */ = {isa = PBXFileReference; fileEncoding = 4; lastKnownFileType = text.plist.xml; path = "GoogleService-Info.plist"; sourceTree = "<group>"; };
		8FFFD9B42891E33000FC122A /* SuggestView.swift */ = {isa = PBXFileReference; lastKnownFileType = sourcecode.swift; path = SuggestView.swift; sourceTree = "<group>"; };
		8FFFD9B62891E38E00FC122A /* Rating.swift */ = {isa = PBXFileReference; lastKnownFileType = sourcecode.swift; path = Rating.swift; sourceTree = "<group>"; };
/* End PBXFileReference section */

/* Begin PBXFrameworksBuildPhase section */
		8F7FACCE288EFD7D0037FB56 /* Frameworks */ = {
			isa = PBXFrameworksBuildPhase;
			buildActionMask = 2147483647;
			files = (
				8FCC5BC92897413700E51F24 /* FirebaseAuth in Frameworks */,
				8FCC5BCB2897413700E51F24 /* FirebaseStorage in Frameworks */,
			);
			runOnlyForDeploymentPostprocessing = 0;
		};
/* End PBXFrameworksBuildPhase section */

/* Begin PBXGroup section */
		8F3850E928973027005CF4E0 /* UserAuthentication */ = {
			isa = PBXGroup;
			children = (
				8FCC5BD02897626100E51F24 /* GoogleService-Info.plist */,
				8FCC5BCC2897422C00E51F24 /* LoginView.swift */,
			);
			path = UserAuthentication;
			sourceTree = "<group>";
		};
		8F7FACC8288EFD7D0037FB56 = {
			isa = PBXGroup;
			children = (
				8F7FACD3288EFD7D0037FB56 /* CodeDeck */,
				8F7FACD2288EFD7D0037FB56 /* Products */,
			);
			sourceTree = "<group>";
		};
		8F7FACD2288EFD7D0037FB56 /* Products */ = {
			isa = PBXGroup;
			children = (
				8F7FACD1288EFD7D0037FB56 /* CodeDeck.app */,
			);
			name = Products;
			sourceTree = "<group>";
		};
		8F7FACD3288EFD7D0037FB56 /* CodeDeck */ = {
			isa = PBXGroup;
			children = (
				8FA4D180289085B5006FE815 /* Aesthetics */,
				8F7FACEC288F1F220037FB56 /* Views */,
				8F7FACE5288F1DEE0037FB56 /* Model */,
				8F7FACE2288F03F90037FB56 /* Resources */,
				8F7FACD4288EFD7D0037FB56 /* CodeDeckApp.swift */,
				8F7FACD6288EFD7D0037FB56 /* ContentView.swift */,
				8F7FACD8288EFD7E0037FB56 /* Assets.xcassets */,
				8F7FACDA288EFD7E0037FB56 /* Preview Content */,
			);
			path = CodeDeck;
			sourceTree = "<group>";
		};
		8F7FACDA288EFD7E0037FB56 /* Preview Content */ = {
			isa = PBXGroup;
			children = (
				8F7FACDB288EFD7E0037FB56 /* Preview Assets.xcassets */,
			);
			path = "Preview Content";
			sourceTree = "<group>";
		};
		8F7FACE2288F03F90037FB56 /* Resources */ = {
			isa = PBXGroup;
			children = (
				8F7FACE3288F040D0037FB56 /* courseData.json */,
			);
			path = Resources;
			sourceTree = "<group>";
		};
		8F7FACE5288F1DEE0037FB56 /* Model */ = {
			isa = PBXGroup;
			children = (
				8F7FACE8288F1E640037FB56 /* Course.swift */,
				8F7FACEA288F1EF70037FB56 /* UserData.swift */,
				8F7DDF1728949CD700CC194A /* ModelData.swift */,
			);
			path = Model;
			sourceTree = "<group>";
		};
		8F7FACEC288F1F220037FB56 /* Views */ = {
			isa = PBXGroup;
			children = (
				8F3850E928973027005CF4E0 /* UserAuthentication */,
				8F7FACFC288F23770037FB56 /* Helpers */,
				8F7FACEE288F1F880037FB56 /* Courses */,
				8F7FACF7288F20A50037FB56 /* CategoryRow.swift */,
				8F7FACF5288F20850037FB56 /* CategoryItem.swift */,
				8F7FACFA288F22910037FB56 /* CategoryHome.swift */,
				8FFFD9B42891E33000FC122A /* SuggestView.swift */,
			);
			path = Views;
			sourceTree = "<group>";
		};
		8F7FACEE288F1F880037FB56 /* Courses */ = {
			isa = PBXGroup;
			children = (
				8F7FACEF288F1FAD0037FB56 /* CourseRow.swift */,
				8F7FACF1288F1FE00037FB56 /* CourseDetail.swift */,
				8F7FACF3288F1FF80037FB56 /* CourseList.swift */,
			);
			path = Courses;
			sourceTree = "<group>";
		};
		8F7FACFC288F23770037FB56 /* Helpers */ = {
			isa = PBXGroup;
			children = (
				8F7FACFD288F23ED0037FB56 /* FavouriteButton.swift */,
				8F7FACFF288F24210037FB56 /* PageViewController.swift */,
				8F7FAD01288F24A20037FB56 /* FeatureCard.swift */,
				8F7FAD03288F24CD0037FB56 /* PageView.swift */,
				8F7FAD05288F24E50037FB56 /* PageControl.swift */,
				8FFFD9B62891E38E00FC122A /* Rating.swift */,
			);
			path = Helpers;
			sourceTree = "<group>";
		};
		8FA4D180289085B5006FE815 /* Aesthetics */ = {
			isa = PBXGroup;
			children = (
				8FA4D181289085CF006FE815 /* SplashScreenView.swift */,
			);
			path = Aesthetics;
			sourceTree = "<group>";
		};
/* End PBXGroup section */

/* Begin PBXNativeTarget section */
		8F7FACD0288EFD7D0037FB56 /* CodeDeck */ = {
			isa = PBXNativeTarget;
			buildConfigurationList = 8F7FACDF288EFD7E0037FB56 /* Build configuration list for PBXNativeTarget "CodeDeck" */;
			buildPhases = (
				8F7FACCD288EFD7D0037FB56 /* Sources */,
				8F7FACCE288EFD7D0037FB56 /* Frameworks */,
				8F7FACCF288EFD7D0037FB56 /* Resources */,
			);
			buildRules = (
			);
			dependencies = (
			);
			name = CodeDeck;
			packageProductDependencies = (
				8FCC5BC82897413700E51F24 /* FirebaseAuth */,
				8FCC5BCA2897413700E51F24 /* FirebaseStorage */,
			);
			productName = CodeDeck;
			productReference = 8F7FACD1288EFD7D0037FB56 /* CodeDeck.app */;
			productType = "com.apple.product-type.application";
		};
/* End PBXNativeTarget section */

/* Begin PBXProject section */
		8F7FACC9288EFD7D0037FB56 /* Project object */ = {
			isa = PBXProject;
			attributes = {
				BuildIndependentTargetsInParallel = 1;
				LastSwiftUpdateCheck = 1340;
				LastUpgradeCheck = 1340;
				TargetAttributes = {
					8F7FACD0288EFD7D0037FB56 = {
						CreatedOnToolsVersion = 13.4.1;
					};
				};
			};
			buildConfigurationList = 8F7FACCC288EFD7D0037FB56 /* Build configuration list for PBXProject "CodeDeck" */;
			compatibilityVersion = "Xcode 13.0";
			developmentRegion = en;
			hasScannedForEncodings = 0;
			knownRegions = (
				en,
				Base,
			);
			mainGroup = 8F7FACC8288EFD7D0037FB56;
			packageReferences = (
				8FCC5BC72897413700E51F24 /* XCRemoteSwiftPackageReference "firebase-ios-sdk" */,
			);
			productRefGroup = 8F7FACD2288EFD7D0037FB56 /* Products */;
			projectDirPath = "";
			projectRoot = "";
			targets = (
				8F7FACD0288EFD7D0037FB56 /* CodeDeck */,
			);
		};
/* End PBXProject section */

/* Begin PBXResourcesBuildPhase section */
		8F7FACCF288EFD7D0037FB56 /* Resources */ = {
			isa = PBXResourcesBuildPhase;
			buildActionMask = 2147483647;
			files = (
				8F7FACDC288EFD7E0037FB56 /* Preview Assets.xcassets in Resources */,
				8FCC5BD12897626200E51F24 /* GoogleService-Info.plist in Resources */,
				8F7FACD9288EFD7E0037FB56 /* Assets.xcassets in Resources */,
				8F7FACE4288F040D0037FB56 /* courseData.json in Resources */,
			);
			runOnlyForDeploymentPostprocessing = 0;
		};
/* End PBXResourcesBuildPhase section */

/* Begin PBXSourcesBuildPhase section */
		8F7FACCD288EFD7D0037FB56 /* Sources */ = {
			isa = PBXSourcesBuildPhase;
			buildActionMask = 2147483647;
			files = (
				8FA4D182289085CF006FE815 /* SplashScreenView.swift in Sources */,
				8F7FACF4288F1FF80037FB56 /* CourseList.swift in Sources */,
				8F7DDF1828949CD700CC194A /* ModelData.swift in Sources */,
				8F7FACE9288F1E640037FB56 /* Course.swift in Sources */,
				8F7FAD02288F24A20037FB56 /* FeatureCard.swift in Sources */,
				8F7FACF8288F20A50037FB56 /* CategoryRow.swift in Sources */,
				8F7FACF0288F1FAD0037FB56 /* CourseRow.swift in Sources */,
				8F7FACFB288F22910037FB56 /* CategoryHome.swift in Sources */,
				8F7FACD7288EFD7D0037FB56 /* ContentView.swift in Sources */,
				8F7FACF6288F20850037FB56 /* CategoryItem.swift in Sources */,
				8F7FACD5288EFD7D0037FB56 /* CodeDeckApp.swift in Sources */,
				8F7FACF2288F1FE00037FB56 /* CourseDetail.swift in Sources */,
				8FFFD9B72891E38E00FC122A /* Rating.swift in Sources */,
				8FFFD9B52891E33000FC122A /* SuggestView.swift in Sources */,
				8F7FAD06288F24E50037FB56 /* PageControl.swift in Sources */,
				8FCC5BCD2897422C00E51F24 /* LoginView.swift in Sources */,
				8F7FAD04288F24CD0037FB56 /* PageView.swift in Sources */,
				8F7FACFE288F23ED0037FB56 /* FavouriteButton.swift in Sources */,
				8F7FAD00288F24210037FB56 /* PageViewController.swift in Sources */,
				8F7FACEB288F1EF70037FB56 /* UserData.swift in Sources */,
			);
			runOnlyForDeploymentPostprocessing = 0;
		};
/* End PBXSourcesBuildPhase section */

/* Begin XCBuildConfiguration section */
		8F7FACDD288EFD7E0037FB56 /* Debug */ = {
			isa = XCBuildConfiguration;
			buildSettings = {
				ALWAYS_SEARCH_USER_PATHS = NO;
				CLANG_ANALYZER_NONNULL = YES;
				CLANG_ANALYZER_NUMBER_OBJECT_CONVERSION = YES_AGGRESSIVE;
				CLANG_CXX_LANGUAGE_STANDARD = "gnu++17";
				CLANG_ENABLE_MODULES = YES;
				CLANG_ENABLE_OBJC_ARC = YES;
				CLANG_ENABLE_OBJC_WEAK = YES;
				CLANG_WARN_BLOCK_CAPTURE_AUTORELEASING = YES;
				CLANG_WARN_BOOL_CONVERSION = YES;
				CLANG_WARN_COMMA = YES;
				CLANG_WARN_CONSTANT_CONVERSION = YES;
				CLANG_WARN_DEPRECATED_OBJC_IMPLEMENTATIONS = YES;
				CLANG_WARN_DIRECT_OBJC_ISA_USAGE = YES_ERROR;
				CLANG_WARN_DOCUMENTATION_COMMENTS = YES;
				CLANG_WARN_EMPTY_BODY = YES;
				CLANG_WARN_ENUM_CONVERSION = YES;
				CLANG_WARN_INFINITE_RECURSION = YES;
				CLANG_WARN_INT_CONVERSION = YES;
				CLANG_WARN_NON_LITERAL_NULL_CONVERSION = YES;
				CLANG_WARN_OBJC_IMPLICIT_RETAIN_SELF = YES;
				CLANG_WARN_OBJC_LITERAL_CONVERSION = YES;
				CLANG_WARN_OBJC_ROOT_CLASS = YES_ERROR;
				CLANG_WARN_QUOTED_INCLUDE_IN_FRAMEWORK_HEADER = YES;
				CLANG_WARN_RANGE_LOOP_ANALYSIS = YES;
				CLANG_WARN_STRICT_PROTOTYPES = YES;
				CLANG_WARN_SUSPICIOUS_MOVE = YES;
				CLANG_WARN_UNGUARDED_AVAILABILITY = YES_AGGRESSIVE;
				CLANG_WARN_UNREACHABLE_CODE = YES;
				CLANG_WARN__DUPLICATE_METHOD_MATCH = YES;
				COPY_PHASE_STRIP = NO;
				DEBUG_INFORMATION_FORMAT = dwarf;
				ENABLE_STRICT_OBJC_MSGSEND = YES;
				ENABLE_TESTABILITY = YES;
				GCC_C_LANGUAGE_STANDARD = gnu11;
				GCC_DYNAMIC_NO_PIC = NO;
				GCC_NO_COMMON_BLOCKS = YES;
				GCC_OPTIMIZATION_LEVEL = 0;
				GCC_PREPROCESSOR_DEFINITIONS = (
					"DEBUG=1",
					"$(inherited)",
				);
				GCC_WARN_64_TO_32_BIT_CONVERSION = YES;
				GCC_WARN_ABOUT_RETURN_TYPE = YES_ERROR;
				GCC_WARN_UNDECLARED_SELECTOR = YES;
				GCC_WARN_UNINITIALIZED_AUTOS = YES_AGGRESSIVE;
				GCC_WARN_UNUSED_FUNCTION = YES;
				GCC_WARN_UNUSED_VARIABLE = YES;
				IPHONEOS_DEPLOYMENT_TARGET = 15.5;
				MTL_ENABLE_DEBUG_INFO = INCLUDE_SOURCE;
				MTL_FAST_MATH = YES;
				ONLY_ACTIVE_ARCH = YES;
				SDKROOT = iphoneos;
				SWIFT_ACTIVE_COMPILATION_CONDITIONS = DEBUG;
				SWIFT_OPTIMIZATION_LEVEL = "-Onone";
			};
			name = Debug;
		};
		8F7FACDE288EFD7E0037FB56 /* Release */ = {
			isa = XCBuildConfiguration;
			buildSettings = {
				ALWAYS_SEARCH_USER_PATHS = NO;
				CLANG_ANALYZER_NONNULL = YES;
				CLANG_ANALYZER_NUMBER_OBJECT_CONVERSION = YES_AGGRESSIVE;
				CLANG_CXX_LANGUAGE_STANDARD = "gnu++17";
				CLANG_ENABLE_MODULES = YES;
				CLANG_ENABLE_OBJC_ARC = YES;
				CLANG_ENABLE_OBJC_WEAK = YES;
				CLANG_WARN_BLOCK_CAPTURE_AUTORELEASING = YES;
				CLANG_WARN_BOOL_CONVERSION = YES;
				CLANG_WARN_COMMA = YES;
				CLANG_WARN_CONSTANT_CONVERSION = YES;
				CLANG_WARN_DEPRECATED_OBJC_IMPLEMENTATIONS = YES;
				CLANG_WARN_DIRECT_OBJC_ISA_USAGE = YES_ERROR;
				CLANG_WARN_DOCUMENTATION_COMMENTS = YES;
				CLANG_WARN_EMPTY_BODY = YES;
				CLANG_WARN_ENUM_CONVERSION = YES;
				CLANG_WARN_INFINITE_RECURSION = YES;
				CLANG_WARN_INT_CONVERSION = YES;
				CLANG_WARN_NON_LITERAL_NULL_CONVERSION = YES;
				CLANG_WARN_OBJC_IMPLICIT_RETAIN_SELF = YES;
				CLANG_WARN_OBJC_LITERAL_CONVERSION = YES;
				CLANG_WARN_OBJC_ROOT_CLASS = YES_ERROR;
				CLANG_WARN_QUOTED_INCLUDE_IN_FRAMEWORK_HEADER = YES;
				CLANG_WARN_RANGE_LOOP_ANALYSIS = YES;
				CLANG_WARN_STRICT_PROTOTYPES = YES;
				CLANG_WARN_SUSPICIOUS_MOVE = YES;
				CLANG_WARN_UNGUARDED_AVAILABILITY = YES_AGGRESSIVE;
				CLANG_WARN_UNREACHABLE_CODE = YES;
				CLANG_WARN__DUPLICATE_METHOD_MATCH = YES;
				COPY_PHASE_STRIP = NO;
				DEBUG_INFORMATION_FORMAT = "dwarf-with-dsym";
				ENABLE_NS_ASSERTIONS = NO;
				ENABLE_STRICT_OBJC_MSGSEND = YES;
				GCC_C_LANGUAGE_STANDARD = gnu11;
				GCC_NO_COMMON_BLOCKS = YES;
				GCC_WARN_64_TO_32_BIT_CONVERSION = YES;
				GCC_WARN_ABOUT_RETURN_TYPE = YES_ERROR;
				GCC_WARN_UNDECLARED_SELECTOR = YES;
				GCC_WARN_UNINITIALIZED_AUTOS = YES_AGGRESSIVE;
				GCC_WARN_UNUSED_FUNCTION = YES;
				GCC_WARN_UNUSED_VARIABLE = YES;
				IPHONEOS_DEPLOYMENT_TARGET = 15.5;
				MTL_ENABLE_DEBUG_INFO = NO;
				MTL_FAST_MATH = YES;
				SDKROOT = iphoneos;
				SWIFT_COMPILATION_MODE = wholemodule;
				SWIFT_OPTIMIZATION_LEVEL = "-O";
				VALIDATE_PRODUCT = YES;
			};
			name = Release;
		};
		8F7FACE0288EFD7E0037FB56 /* Debug */ = {
			isa = XCBuildConfiguration;
			buildSettings = {
				ASSETCATALOG_COMPILER_APPICON_NAME = AppIcon;
				ASSETCATALOG_COMPILER_GLOBAL_ACCENT_COLOR_NAME = AccentColor;
				CODE_SIGN_STYLE = Automatic;
				CURRENT_PROJECT_VERSION = 1;
				DEVELOPMENT_ASSET_PATHS = "\"CodeDeck/Preview Content\"";
				ENABLE_PREVIEWS = YES;
				GENERATE_INFOPLIST_FILE = YES;
				INFOPLIST_KEY_UIApplicationSceneManifest_Generation = YES;
				INFOPLIST_KEY_UIApplicationSupportsIndirectInputEvents = YES;
				INFOPLIST_KEY_UILaunchScreen_Generation = YES;
				INFOPLIST_KEY_UISupportedInterfaceOrientations_iPad = "UIInterfaceOrientationPortrait UIInterfaceOrientationPortraitUpsideDown UIInterfaceOrientationLandscapeLeft UIInterfaceOrientationLandscapeRight";
				INFOPLIST_KEY_UISupportedInterfaceOrientations_iPhone = "UIInterfaceOrientationPortrait UIInterfaceOrientationLandscapeLeft UIInterfaceOrientationLandscapeRight";
				LD_RUNPATH_SEARCH_PATHS = (
					"$(inherited)",
					"@executable_path/Frameworks",
				);
				MARKETING_VERSION = 1.0;
				PRODUCT_BUNDLE_IDENTIFIER = com.thuvaraganp.CodeDeck;
				PRODUCT_NAME = "$(TARGET_NAME)";
				SWIFT_EMIT_LOC_STRINGS = YES;
				SWIFT_VERSION = 5.0;
				TARGETED_DEVICE_FAMILY = "1,2";
			};
			name = Debug;
		};
		8F7FACE1288EFD7E0037FB56 /* Release */ = {
			isa = XCBuildConfiguration;
			buildSettings = {
				ASSETCATALOG_COMPILER_APPICON_NAME = AppIcon;
				ASSETCATALOG_COMPILER_GLOBAL_ACCENT_COLOR_NAME = AccentColor;
				CODE_SIGN_STYLE = Automatic;
				CURRENT_PROJECT_VERSION = 1;
				DEVELOPMENT_ASSET_PATHS = "\"CodeDeck/Preview Content\"";
				ENABLE_PREVIEWS = YES;
				GENERATE_INFOPLIST_FILE = YES;
				INFOPLIST_KEY_UIApplicationSceneManifest_Generation = YES;
				INFOPLIST_KEY_UIApplicationSupportsIndirectInputEvents = YES;
				INFOPLIST_KEY_UILaunchScreen_Generation = YES;
				INFOPLIST_KEY_UISupportedInterfaceOrientations_iPad = "UIInterfaceOrientationPortrait UIInterfaceOrientationPortraitUpsideDown UIInterfaceOrientationLandscapeLeft UIInterfaceOrientationLandscapeRight";
				INFOPLIST_KEY_UISupportedInterfaceOrientations_iPhone = "UIInterfaceOrientationPortrait UIInterfaceOrientationLandscapeLeft UIInterfaceOrientationLandscapeRight";
				LD_RUNPATH_SEARCH_PATHS = (
					"$(inherited)",
					"@executable_path/Frameworks",
				);
				MARKETING_VERSION = 1.0;
				PRODUCT_BUNDLE_IDENTIFIER = com.thuvaraganp.CodeDeck;
				PRODUCT_NAME = "$(TARGET_NAME)";
				SWIFT_EMIT_LOC_STRINGS = YES;
				SWIFT_VERSION = 5.0;
				TARGETED_DEVICE_FAMILY = "1,2";
			};
			name = Release;
		};
/* End XCBuildConfiguration section */

/* Begin XCConfigurationList section */
		8F7FACCC288EFD7D0037FB56 /* Build configuration list for PBXProject "CodeDeck" */ = {
			isa = XCConfigurationList;
			buildConfigurations = (
				8F7FACDD288EFD7E0037FB56 /* Debug */,
				8F7FACDE288EFD7E0037FB56 /* Release */,
			);
			defaultConfigurationIsVisible = 0;
			defaultConfigurationName = Release;
		};
		8F7FACDF288EFD7E0037FB56 /* Build configuration list for PBXNativeTarget "CodeDeck" */ = {
			isa = XCConfigurationList;
			buildConfigurations = (
				8F7FACE0288EFD7E0037FB56 /* Debug */,
				8F7FACE1288EFD7E0037FB56 /* Release */,
			);
			defaultConfigurationIsVisible = 0;
			defaultConfigurationName = Release;
		};
/* End XCConfigurationList section */

/* Begin XCRemoteSwiftPackageReference section */
		8FCC5BC72897413700E51F24 /* XCRemoteSwiftPackageReference "firebase-ios-sdk" */ = {
			isa = XCRemoteSwiftPackageReference;
			repositoryURL = "https://github.com/firebase/firebase-ios-sdk";
			requirement = {
				kind = upToNextMajorVersion;
				minimumVersion = 9.0.0;
			};
		};
/* End XCRemoteSwiftPackageReference section */

/* Begin XCSwiftPackageProductDependency section */
		8FCC5BC82897413700E51F24 /* FirebaseAuth */ = {
			isa = XCSwiftPackageProductDependency;
			package = 8FCC5BC72897413700E51F24 /* XCRemoteSwiftPackageReference "firebase-ios-sdk" */;
			productName = FirebaseAuth;
		};
		8FCC5BCA2897413700E51F24 /* FirebaseStorage */ = {
			isa = XCSwiftPackageProductDependency;
			package = 8FCC5BC72897413700E51F24 /* XCRemoteSwiftPackageReference "firebase-ios-sdk" */;
			productName = FirebaseStorage;
		};
/* End XCSwiftPackageProductDependency section */
	};
	rootObject = 8F7FACC9288EFD7D0037FB56 /* Project object */;
}
